// !$*UTF8*$!
{
	archiveVersion = 1;
	classes = {
	};
	objectVersion = 46;
	objects = {

/* Begin PBXBuildFile section */
		A31BD9391C06382700582848 /* SiteWhereSDK.h in CopyFiles */ = {isa = PBXBuildFile; fileRef = A31BD9381C06382700582848 /* SiteWhereSDK.h */; };
		A31BD9431C063BD600582848 /* Sitewhere.pbobjc.m in Sources */ = {isa = PBXBuildFile; fileRef = A31BD9421C063BD600582848 /* Sitewhere.pbobjc.m */; settings = {COMPILER_FLAGS = "-fno-objc-arc"; }; };
		A31BD9461C063CDE00582848 /* SiteWhereMessageClient.m in Sources */ = {isa = PBXBuildFile; fileRef = A31BD9451C063CDE00582848 /* SiteWhereMessageClient.m */; };
		A31BD94A1C0646F600582848 /* DeviceUID.m in Sources */ = {isa = PBXBuildFile; fileRef = A31BD9491C0646F600582848 /* DeviceUID.m */; };
		C6349CBE414093BC34ACD126 /* libPods-SiteWhereSDK.a in Frameworks */ = {isa = PBXBuildFile; fileRef = 7B040918442830ADBB3ABFE9 /* libPods-SiteWhereSDK.a */; };
/* End PBXBuildFile section */

/* Begin PBXCopyFilesBuildPhase section */
		A31BD9331C06382700582848 /* CopyFiles */ = {
			isa = PBXCopyFilesBuildPhase;
			buildActionMask = 2147483647;
			dstPath = "include/$(PRODUCT_NAME)";
			dstSubfolderSpec = 16;
			files = (
				A31BD9391C06382700582848 /* SiteWhereSDK.h in CopyFiles */,
			);
			runOnlyForDeploymentPostprocessing = 0;
		};
/* End PBXCopyFilesBuildPhase section */

/* Begin PBXFileReference section */
		00E6B3689D2371DFE46ED106 /* Pods-SiteWhereSDK.release.xcconfig */ = {isa = PBXFileReference; includeInIndex = 1; lastKnownFileType = text.xcconfig; name = "Pods-SiteWhereSDK.release.xcconfig"; path = "Pods/Target Support Files/Pods-SiteWhereSDK/Pods-SiteWhereSDK.release.xcconfig"; sourceTree = "<group>"; };
		7597798E6D102095145327F0 /* Pods-SiteWhereSDK.debug.xcconfig */ = {isa = PBXFileReference; includeInIndex = 1; lastKnownFileType = text.xcconfig; name = "Pods-SiteWhereSDK.debug.xcconfig"; path = "Pods/Target Support Files/Pods-SiteWhereSDK/Pods-SiteWhereSDK.debug.xcconfig"; sourceTree = "<group>"; };
		7B040918442830ADBB3ABFE9 /* libPods-SiteWhereSDK.a */ = {isa = PBXFileReference; explicitFileType = archive.ar; includeInIndex = 0; path = "libPods-SiteWhereSDK.a"; sourceTree = BUILT_PRODUCTS_DIR; };
		A31BD9351C06382700582848 /* libSiteWhereSDK.a */ = {isa = PBXFileReference; explicitFileType = archive.ar; includeInIndex = 0; path = libSiteWhereSDK.a; sourceTree = BUILT_PRODUCTS_DIR; };
		A31BD9381C06382700582848 /* SiteWhereSDK.h */ = {isa = PBXFileReference; lastKnownFileType = sourcecode.c.h; path = SiteWhereSDK.h; sourceTree = "<group>"; };
		A31BD9411C063BD600582848 /* Sitewhere.pbobjc.h */ = {isa = PBXFileReference; fileEncoding = 4; lastKnownFileType = sourcecode.c.h; path = Sitewhere.pbobjc.h; sourceTree = "<group>"; };
		A31BD9421C063BD600582848 /* Sitewhere.pbobjc.m */ = {isa = PBXFileReference; fileEncoding = 4; lastKnownFileType = sourcecode.c.objc; path = Sitewhere.pbobjc.m; sourceTree = "<group>"; };
		A31BD9441C063CDE00582848 /* SiteWhereMessageClient.h */ = {isa = PBXFileReference; fileEncoding = 4; lastKnownFileType = sourcecode.c.h; path = SiteWhereMessageClient.h; sourceTree = "<group>"; };
		A31BD9451C063CDE00582848 /* SiteWhereMessageClient.m */ = {isa = PBXFileReference; fileEncoding = 4; lastKnownFileType = sourcecode.c.objc; path = SiteWhereMessageClient.m; sourceTree = "<group>"; };
		A31BD9471C0642FA00582848 /* SiteWhereMessageClientDelegate.h */ = {isa = PBXFileReference; fileEncoding = 4; lastKnownFileType = sourcecode.c.h; path = SiteWhereMessageClientDelegate.h; sourceTree = "<group>"; };
		A31BD9481C0646F600582848 /* DeviceUID.h */ = {isa = PBXFileReference; fileEncoding = 4; lastKnownFileType = sourcecode.c.h; path = DeviceUID.h; sourceTree = "<group>"; };
		A31BD9491C0646F600582848 /* DeviceUID.m */ = {isa = PBXFileReference; fileEncoding = 4; lastKnownFileType = sourcecode.c.objc; path = DeviceUID.m; sourceTree = "<group>"; };
/* End PBXFileReference section */

/* Begin PBXFrameworksBuildPhase section */
		A31BD9321C06382700582848 /* Frameworks */ = {
			isa = PBXFrameworksBuildPhase;
			buildActionMask = 2147483647;
			files = (
				C6349CBE414093BC34ACD126 /* libPods-SiteWhereSDK.a in Frameworks */,
			);
			runOnlyForDeploymentPostprocessing = 0;
		};
/* End PBXFrameworksBuildPhase section */

/* Begin PBXGroup section */
		342FA50AD5C422B83781167A /* Frameworks */ = {
			isa = PBXGroup;
			children = (
				7B040918442830ADBB3ABFE9 /* libPods-SiteWhereSDK.a */,
			);
			name = Frameworks;
			sourceTree = "<group>";
		};
		A31BD92C1C06382700582848 = {
			isa = PBXGroup;
			children = (
				A31BD9371C06382700582848 /* SiteWhereSDK */,
				A31BD9361C06382700582848 /* Products */,
				B5165C4AA2E2AA3DED8D489A /* Pods */,
				342FA50AD5C422B83781167A /* Frameworks */,
			);
			sourceTree = "<group>";
		};
		A31BD9361C06382700582848 /* Products */ = {
			isa = PBXGroup;
			children = (
				A31BD9351C06382700582848 /* libSiteWhereSDK.a */,
			);
			name = Products;
			sourceTree = "<group>";
		};
		A31BD9371C06382700582848 /* SiteWhereSDK */ = {
			isa = PBXGroup;
			children = (
				A31BD9411C063BD600582848 /* Sitewhere.pbobjc.h */,
				A31BD9421C063BD600582848 /* Sitewhere.pbobjc.m */,
				A31BD9381C06382700582848 /* SiteWhereSDK.h */,
				A31BD9441C063CDE00582848 /* SiteWhereMessageClient.h */,
				A31BD9451C063CDE00582848 /* SiteWhereMessageClient.m */,
				A31BD9471C0642FA00582848 /* SiteWhereMessageClientDelegate.h */,
				A31BD9481C0646F600582848 /* DeviceUID.h */,
				A31BD9491C0646F600582848 /* DeviceUID.m */,
			);
			path = SiteWhereSDK;
			sourceTree = "<group>";
		};
		B5165C4AA2E2AA3DED8D489A /* Pods */ = {
			isa = PBXGroup;
			children = (
				7597798E6D102095145327F0 /* Pods-SiteWhereSDK.debug.xcconfig */,
				00E6B3689D2371DFE46ED106 /* Pods-SiteWhereSDK.release.xcconfig */,
			);
			name = Pods;
			sourceTree = "<group>";
		};
/* End PBXGroup section */

/* Begin PBXNativeTarget section */
		A31BD9341C06382700582848 /* SiteWhereSDK */ = {
			isa = PBXNativeTarget;
			buildConfigurationList = A31BD93E1C06382700582848 /* Build configuration list for PBXNativeTarget "SiteWhereSDK" */;
			buildPhases = (
				1D67FA690DF7138C81B63FB2 /* Check Pods Manifest.lock */,
				A31BD9311C06382700582848 /* Sources */,
				A31BD9321C06382700582848 /* Frameworks */,
				A31BD9331C06382700582848 /* CopyFiles */,
				C37468C0A2254F9B7E9B0704 /* Copy Pods Resources */,
			);
			buildRules = (
			);
			dependencies = (
			);
			name = SiteWhereSDK;
			productName = SiteWhereSDK;
			productReference = A31BD9351C06382700582848 /* libSiteWhereSDK.a */;
			productType = "com.apple.product-type.library.static";
		};
/* End PBXNativeTarget section */

/* Begin PBXProject section */
		A31BD92D1C06382700582848 /* Project object */ = {
			isa = PBXProject;
			attributes = {
				LastUpgradeCheck = 0710;
				ORGANIZATIONNAME = SiteWhere;
				TargetAttributes = {
					A31BD9341C06382700582848 = {
						CreatedOnToolsVersion = 7.1.1;
					};
				};
			};
			buildConfigurationList = A31BD9301C06382700582848 /* Build configuration list for PBXProject "SiteWhereSDK" */;
			compatibilityVersion = "Xcode 3.2";
			developmentRegion = English;
			hasScannedForEncodings = 0;
			knownRegions = (
				en,
			);
			mainGroup = A31BD92C1C06382700582848;
			productRefGroup = A31BD9361C06382700582848 /* Products */;
			projectDirPath = "";
			projectRoot = "";
			targets = (
				A31BD9341C06382700582848 /* SiteWhereSDK */,
			);
		};
/* End PBXProject section */

/* Begin PBXShellScriptBuildPhase section */
		1D67FA690DF7138C81B63FB2 /* Check Pods Manifest.lock */ = {
			isa = PBXShellScriptBuildPhase;
			buildActionMask = 2147483647;
			files = (
			);
			inputPaths = (
			);
			name = "Check Pods Manifest.lock";
			outputPaths = (
			);
			runOnlyForDeploymentPostprocessing = 0;
			shellPath = /bin/sh;
			shellScript = "diff \"${PODS_ROOT}/../Podfile.lock\" \"${PODS_ROOT}/Manifest.lock\" > /dev/null\nif [[ $? != 0 ]] ; then\n    cat << EOM\nerror: The sandbox is not in sync with the Podfile.lock. Run 'pod install' or update your CocoaPods installation.\nEOM\n    exit 1\nfi\n";
			showEnvVarsInLog = 0;
		};
		C37468C0A2254F9B7E9B0704 /* Copy Pods Resources */ = {
			isa = PBXShellScriptBuildPhase;
			buildActionMask = 2147483647;
			files = (
			);
			inputPaths = (
			);
			name = "Copy Pods Resources";
			outputPaths = (
			);
			runOnlyForDeploymentPostprocessing = 0;
			shellPath = /bin/sh;
			shellScript = "\"${SRCROOT}/Pods/Target Support Files/Pods-SiteWhereSDK/Pods-SiteWhereSDK-resources.sh\"\n";
			showEnvVarsInLog = 0;
		};
/* End PBXShellScriptBuildPhase section */

/* Begin PBXSourcesBuildPhase section */
		A31BD9311C06382700582848 /* Sources */ = {
			isa = PBXSourcesBuildPhase;
			buildActionMask = 2147483647;
			files = (
				A31BD94A1C0646F600582848 /* DeviceUID.m in Sources */,
				A31BD9461C063CDE00582848 /* SiteWhereMessageClient.m in Sources */,
				A31BD9431C063BD600582848 /* Sitewhere.pbobjc.m in Sources */,
			);
			runOnlyForDeploymentPostprocessing = 0;
		};
/* End PBXSourcesBuildPhase section */

/* Begin XCBuildConfiguration section */
		A31BD93C1C06382700582848 /* Debug */ = {
			isa = XCBuildConfiguration;
			buildSettings = {
				ALWAYS_SEARCH_USER_PATHS = NO;
				CLANG_CXX_LANGUAGE_STANDARD = "gnu++0x";
				CLANG_CXX_LIBRARY = "libc++";
				CLANG_ENABLE_MODULES = YES;
				CLANG_ENABLE_OBJC_ARC = YES;
				CLANG_WARN_BOOL_CONVERSION = YES;
				CLANG_WARN_CONSTANT_CONVERSION = YES;
				CLANG_WARN_DIRECT_OBJC_ISA_USAGE = YES_ERROR;
				CLANG_WARN_EMPTY_BODY = YES;
				CLANG_WARN_ENUM_CONVERSION = YES;
				CLANG_WARN_INT_CONVERSION = YES;
				CLANG_WARN_OBJC_ROOT_CLASS = YES_ERROR;
				CLANG_WARN_UNREACHABLE_CODE = YES;
				CLANG_WARN__DUPLICATE_METHOD_MATCH = YES;
				"CODE_SIGN_IDENTITY[sdk=iphoneos*]" = "iPhone Developer";
				COPY_PHASE_STRIP = NO;
				DEBUG_INFORMATION_FORMAT = dwarf;
				ENABLE_STRICT_OBJC_MSGSEND = YES;
				ENABLE_TESTABILITY = YES;
				GCC_C_LANGUAGE_STANDARD = gnu99;
				GCC_DYNAMIC_NO_PIC = NO;
				GCC_NO_COMMON_BLOCKS = YES;
				GCC_OPTIMIZATION_LEVEL = 0;
				GCC_PREPROCESSOR_DEFINITIONS = (
					"DEBUG=1",
					"$(inherited)",
				);
				GCC_WARN_64_TO_32_BIT_CONVERSION = YES;
				GCC_WARN_ABOUT_RETURN_TYPE = YES_ERROR;
				GCC_WARN_UNDECLARED_SELECTOR = YES;
				GCC_WARN_UNINITIALIZED_AUTOS = YES_AGGRESSIVE;
				GCC_WARN_UNUSED_FUNCTION = YES;
				GCC_WARN_UNUSED_VARIABLE = YES;
				IPHONEOS_DEPLOYMENT_TARGET = 9.1;
				MTL_ENABLE_DEBUG_INFO = YES;
				ONLY_ACTIVE_ARCH = YES;
				SDKROOT = iphoneos;
			};
			name = Debug;
		};
		A31BD93D1C06382700582848 /* Release */ = {
			isa = XCBuildConfiguration;
			buildSettings = {
				ALWAYS_SEARCH_USER_PATHS = NO;
				CLANG_CXX_LANGUAGE_STANDARD = "gnu++0x";
				CLANG_CXX_LIBRARY = "libc++";
				CLANG_ENABLE_MODULES = YES;
				CLANG_ENABLE_OBJC_ARC = YES;
				CLANG_WARN_BOOL_CONVERSION = YES;
				CLANG_WARN_CONSTANT_CONVERSION = YES;
				CLANG_WARN_DIRECT_OBJC_ISA_USAGE = YES_ERROR;
				CLANG_WARN_EMPTY_BODY = YES;
				CLANG_WARN_ENUM_CONVERSION = YES;
				CLANG_WARN_INT_CONVERSION = YES;
				CLANG_WARN_OBJC_ROOT_CLASS = YES_ERROR;
				CLANG_WARN_UNREACHABLE_CODE = YES;
				CLANG_WARN__DUPLICATE_METHOD_MATCH = YES;
				"CODE_SIGN_IDENTITY[sdk=iphoneos*]" = "iPhone Developer";
				COPY_PHASE_STRIP = NO;
				DEBUG_INFORMATION_FORMAT = "dwarf-with-dsym";
				ENABLE_NS_ASSERTIONS = NO;
				ENABLE_STRICT_OBJC_MSGSEND = YES;
				GCC_C_LANGUAGE_STANDARD = gnu99;
				GCC_NO_COMMON_BLOCKS = YES;
				GCC_WARN_64_TO_32_BIT_CONVERSION = YES;
				GCC_WARN_ABOUT_RETURN_TYPE = YES_ERROR;
				GCC_WARN_UNDECLARED_SELECTOR = YES;
				GCC_WARN_UNINITIALIZED_AUTOS = YES_AGGRESSIVE;
				GCC_WARN_UNUSED_FUNCTION = YES;
				GCC_WARN_UNUSED_VARIABLE = YES;
				IPHONEOS_DEPLOYMENT_TARGET = 9.1;
				MTL_ENABLE_DEBUG_INFO = NO;
				SDKROOT = iphoneos;
				VALIDATE_PRODUCT = YES;
			};
			name = Release;
		};
		A31BD93F1C06382700582848 /* Debug */ = {
			isa = XCBuildConfiguration;
			baseConfigurationReference = 7597798E6D102095145327F0 /* Pods-SiteWhereSDK.debug.xcconfig */;
			buildSettings = {
				OTHER_LDFLAGS = "-ObjC";
				PRODUCT_NAME = "$(TARGET_NAME)";
				SKIP_INSTALL = YES;
			};
			name = Debug;
		};
		A31BD9401C06382700582848 /* Release */ = {
			isa = XCBuildConfiguration;
			baseConfigurationReference = 00E6B3689D2371DFE46ED106 /* Pods-SiteWhereSDK.release.xcconfig */;
			buildSettings = {
				OTHER_LDFLAGS = "-ObjC";
				PRODUCT_NAME = "$(TARGET_NAME)";
				SKIP_INSTALL = YES;
			};
			name = Release;
		};
/* End XCBuildConfiguration section */

/* Begin XCConfigurationList section */
		A31BD9301C06382700582848 /* Build configuration list for PBXProject "SiteWhereSDK" */ = {
			isa = XCConfigurationList;
			buildConfigurations = (
				A31BD93C1C06382700582848 /* Debug */,
				A31BD93D1C06382700582848 /* Release */,
			);
			defaultConfigurationIsVisible = 0;
			defaultConfigurationName = Release;
		};
		A31BD93E1C06382700582848 /* Build configuration list for PBXNativeTarget "SiteWhereSDK" */ = {
			isa = XCConfigurationList;
			buildConfigurations = (
				A31BD93F1C06382700582848 /* Debug */,
				A31BD9401C06382700582848 /* Release */,
			);
			defaultConfigurationIsVisible = 0;
			defaultConfigurationName = Release;
		};
/* End XCConfigurationList section */
	};
	rootObject = A31BD92D1C06382700582848 /* Project object */;
}
